
Microsoft Visual Studio Solution File, Format Version 12.00
# Visual Studio Version 17
VisualStudioVersion = 17.5.33627.172
MinimumVisualStudioVersion = 10.0.40219.1
Project("{FAE04EC0-301F-11D3-BF4B-00C04F79EFBC}") = "NeatBookMVC", "NeatBookMVC\NeatBookMVC.csproj", "{294EA2E4-A276-45B1-A9BD-F86BA0B88476}"
EndProject
Global
	GlobalSection(SolutionConfigurationPlatforms) = preSolution
		Debug|Any CPU = Debug|Any CPU
		Release|Any CPU = Release|Any CPU
	EndGlobalSection
	GlobalSection(ProjectConfigurationPlatforms) = postSolution
		{294EA2E4-A276-45B1-A9BD-F86BA0B88476}.Debug|Any CPU.ActiveCfg = Debug|Any CPU
		{294EA2E4-A276-45B1-A9BD-F86BA0B88476}.Debug|Any CPU.Build.0 = Debug|Any CPU
		{294EA2E4-A276-45B1-A9BD-F86BA0B88476}.Release|Any CPU.ActiveCfg = Release|Any CPU
		{294EA2E4-A276-45B1-A9BD-F86BA0B88476}.Release|Any CPU.Build.0 = Release|Any CPU
	EndGlobalSection
	GlobalSection(SolutionProperties) = preSolution
		HideSolutionNode = FALSE
	EndGlobalSection
	GlobalSection(ExtensibilityGlobals) = postSolution
		SolutionGuid = {E95DC766-C3E1-4FEE-9EE5-0606F47BA5B8}
	EndGlobalSection
EndGlobal
